
Microsoft Visual Studio Solution File, Format Version 12.00
# Visual Studio 2012
Project("{FAE04EC0-301F-11D3-BF4B-00C04F79EFBC}") = "AucTrader", "AucTrader\AucTrader.csproj", "{9D0D0B22-482F-4D2F-B170-86B20E0561B8}"
	ProjectSection(ProjectDependencies) = postProject
		{E3D57962-4FD8-4978-B9F7-63115A7EDA14} = {E3D57962-4FD8-4978-B9F7-63115A7EDA14}
	EndProjectSection
EndProject
Project("{FAE04EC0-301F-11D3-BF4B-00C04F79EFBC}") = "AucTrader.Tests", "AucTrader.Tests\AucTrader.Tests.csproj", "{C9D6408C-1D8C-4FA2-B617-2955D162145B}"
EndProject
Project("{FAE04EC0-301F-11D3-BF4B-00C04F79EFBC}") = "AucTrader.Logic", "AucTrader.Logic\AucTrader.Logic.csproj", "{E3D57962-4FD8-4978-B9F7-63115A7EDA14}"
EndProject
Project("{FAE04EC0-301F-11D3-BF4B-00C04F79EFBC}") = "AucTrader.Logic.Test", "AucTrader.Logic.Test\AucTrader.Logic.Test.csproj", "{F1B0B6B7-121A-4B7A-B781-94540C25FECD}"
EndProject
Global
	GlobalSection(SolutionConfigurationPlatforms) = preSolution
		Debug|Any CPU = Debug|Any CPU
		Release|Any CPU = Release|Any CPU
	EndGlobalSection
	GlobalSection(ProjectConfigurationPlatforms) = postSolution
		{9D0D0B22-482F-4D2F-B170-86B20E0561B8}.Debug|Any CPU.ActiveCfg = Debug|Any CPU
		{9D0D0B22-482F-4D2F-B170-86B20E0561B8}.Debug|Any CPU.Build.0 = Debug|Any CPU
		{9D0D0B22-482F-4D2F-B170-86B20E0561B8}.Release|Any CPU.ActiveCfg = Release|Any CPU
		{9D0D0B22-482F-4D2F-B170-86B20E0561B8}.Release|Any CPU.Build.0 = Release|Any CPU
		{C9D6408C-1D8C-4FA2-B617-2955D162145B}.Debug|Any CPU.ActiveCfg = Debug|Any CPU
		{C9D6408C-1D8C-4FA2-B617-2955D162145B}.Debug|Any CPU.Build.0 = Debug|Any CPU
		{C9D6408C-1D8C-4FA2-B617-2955D162145B}.Release|Any CPU.ActiveCfg = Release|Any CPU
		{C9D6408C-1D8C-4FA2-B617-2955D162145B}.Release|Any CPU.Build.0 = Release|Any CPU
		{E3D57962-4FD8-4978-B9F7-63115A7EDA14}.Debug|Any CPU.ActiveCfg = Debug|Any CPU
		{E3D57962-4FD8-4978-B9F7-63115A7EDA14}.Debug|Any CPU.Build.0 = Debug|Any CPU
		{E3D57962-4FD8-4978-B9F7-63115A7EDA14}.Release|Any CPU.ActiveCfg = Release|Any CPU
		{E3D57962-4FD8-4978-B9F7-63115A7EDA14}.Release|Any CPU.Build.0 = Release|Any CPU
		{F1B0B6B7-121A-4B7A-B781-94540C25FECD}.Debug|Any CPU.ActiveCfg = Debug|Any CPU
		{F1B0B6B7-121A-4B7A-B781-94540C25FECD}.Debug|Any CPU.Build.0 = Debug|Any CPU
		{F1B0B6B7-121A-4B7A-B781-94540C25FECD}.Release|Any CPU.ActiveCfg = Release|Any CPU
		{F1B0B6B7-121A-4B7A-B781-94540C25FECD}.Release|Any CPU.Build.0 = Release|Any CPU
	EndGlobalSection
	GlobalSection(SolutionProperties) = preSolution
		HideSolutionNode = FALSE
	EndGlobalSection
EndGlobal
